
Microsoft Visual Studio Solution File, Format Version 12.00
# Visual Studio 15
VisualStudioVersion = 15.0.28307.572
MinimumVisualStudioVersion = 10.0.40219.1
Project("{8BC9CEB8-8B4A-11D0-8D11-00A0C91BC942}") = "BAA-2019", "BAA-2019\BAA-2019.vcxproj", "{0A0EAAF0-9D11-46DF-BBCD-179A763B83E0}"
EndProject
Project("{8BC9CEB8-8B4A-11D0-8D11-00A0C91BC942}") = "BAAlib", "BAAlib\BAAlib.vcxproj", "{40D4DA66-D90F-4519-9354-74D6E50134E5}"
EndProject
Project("{8BC9CEB8-8B4A-11D0-8D11-00A0C91BC942}") = "ConsoleApplication1", "ConsoleApplication1\ConsoleApplication1.vcxproj", "{C92B541F-99D0-4DB0-B10D-FCDD1F593141}"
EndProject
Global
	GlobalSection(SolutionConfigurationPlatforms) = preSolution
		Debug|x64 = Debug|x64
		Debug|x86 = Debug|x86
		Release|x64 = Release|x64
		Release|x86 = Release|x86
	EndGlobalSection
	GlobalSection(ProjectConfigurationPlatforms) = postSolution
		{0A0EAAF0-9D11-46DF-BBCD-179A763B83E0}.Debug|x64.ActiveCfg = Debug|x64
		{0A0EAAF0-9D11-46DF-BBCD-179A763B83E0}.Debug|x64.Build.0 = Debug|x64
		{0A0EAAF0-9D11-46DF-BBCD-179A763B83E0}.Debug|x86.ActiveCfg = Debug|Win32
		{0A0EAAF0-9D11-46DF-BBCD-179A763B83E0}.Debug|x86.Build.0 = Debug|Win32
		{0A0EAAF0-9D11-46DF-BBCD-179A763B83E0}.Release|x64.ActiveCfg = Release|x64
		{0A0EAAF0-9D11-46DF-BBCD-179A763B83E0}.Release|x64.Build.0 = Release|x64
		{0A0EAAF0-9D11-46DF-BBCD-179A763B83E0}.Release|x86.ActiveCfg = Release|Win32
		{0A0EAAF0-9D11-46DF-BBCD-179A763B83E0}.Release|x86.Build.0 = Release|Win32
		{40D4DA66-D90F-4519-9354-74D6E50134E5}.Debug|x64.ActiveCfg = Debug|x64
		{40D4DA66-D90F-4519-9354-74D6E50134E5}.Debug|x64.Build.0 = Debug|x64
		{40D4DA66-D90F-4519-9354-74D6E50134E5}.Debug|x86.ActiveCfg = Debug|Win32
		{40D4DA66-D90F-4519-9354-74D6E50134E5}.Debug|x86.Build.0 = Debug|Win32
		{40D4DA66-D90F-4519-9354-74D6E50134E5}.Release|x64.ActiveCfg = Release|x64
		{40D4DA66-D90F-4519-9354-74D6E50134E5}.Release|x64.Build.0 = Release|x64
		{40D4DA66-D90F-4519-9354-74D6E50134E5}.Release|x86.ActiveCfg = Release|Win32
		{40D4DA66-D90F-4519-9354-74D6E50134E5}.Release|x86.Build.0 = Release|Win32
		{C92B541F-99D0-4DB0-B10D-FCDD1F593141}.Debug|x64.ActiveCfg = Debug|x64
		{C92B541F-99D0-4DB0-B10D-FCDD1F593141}.Debug|x64.Build.0 = Debug|x64
		{C92B541F-99D0-4DB0-B10D-FCDD1F593141}.Debug|x86.ActiveCfg = Debug|Win32
		{C92B541F-99D0-4DB0-B10D-FCDD1F593141}.Debug|x86.Build.0 = Debug|Win32
		{C92B541F-99D0-4DB0-B10D-FCDD1F593141}.Release|x64.ActiveCfg = Release|x64
		{C92B541F-99D0-4DB0-B10D-FCDD1F593141}.Release|x64.Build.0 = Release|x64
		{C92B541F-99D0-4DB0-B10D-FCDD1F593141}.Release|x86.ActiveCfg = Release|Win32
		{C92B541F-99D0-4DB0-B10D-FCDD1F593141}.Release|x86.Build.0 = Release|Win32
	EndGlobalSection
	GlobalSection(SolutionProperties) = preSolution
		HideSolutionNode = FALSE
	EndGlobalSection
	GlobalSection(ExtensibilityGlobals) = postSolution
		SolutionGuid = {696B4B4A-0061-4158-B771-4F70832DE516}
	EndGlobalSection
EndGlobal
